
Microsoft Visual Studio Solution File, Format Version 12.00
# Visual Studio Version 16
VisualStudioVersion = 16.0.30717.126
MinimumVisualStudioVersion = 10.0.40219.1
Project("{FAE04EC0-301F-11D3-BF4B-00C04F79EFBC}") = "library_db", "library_db\library_db.csproj", "{D466E4ED-1AB0-4A7F-9E0C-CD6DB6D965C7}"
EndProject
Global
	GlobalSection(SolutionConfigurationPlatforms) = preSolution
		Debug|Any CPU = Debug|Any CPU
		Release|Any CPU = Release|Any CPU
	EndGlobalSection
	GlobalSection(ProjectConfigurationPlatforms) = postSolution
		{D466E4ED-1AB0-4A7F-9E0C-CD6DB6D965C7}.Debug|Any CPU.ActiveCfg = Debug|Any CPU
		{D466E4ED-1AB0-4A7F-9E0C-CD6DB6D965C7}.Debug|Any CPU.Build.0 = Debug|Any CPU
		{D466E4ED-1AB0-4A7F-9E0C-CD6DB6D965C7}.Release|Any CPU.ActiveCfg = Release|Any CPU
		{D466E4ED-1AB0-4A7F-9E0C-CD6DB6D965C7}.Release|Any CPU.Build.0 = Release|Any CPU
	EndGlobalSection
	GlobalSection(SolutionProperties) = preSolution
		HideSolutionNode = FALSE
	EndGlobalSection
	GlobalSection(ExtensibilityGlobals) = postSolution
		SolutionGuid = {913E7A88-6F8E-4A0E-AEAE-E9928F55437E}
	EndGlobalSection
EndGlobal
